
Microsoft Visual Studio Solution File, Format Version 12.00
# Visual Studio 2015
Project("{FAE04EC0-301F-11D3-BF4B-00C04F79EFBC}") = "UnityMdDocGeneratorExample", "UnityMdDocGeneratorExample.csproj", "{556094F6-1BA2-99C1-B1D2-490D6080CFEF}"
EndProject
Project("{FAE04EC0-301F-11D3-BF4B-00C04F79EFBC}") = "UnityMdDocGeneratorExample.Editor", "UnityMdDocGeneratorExample.Editor.csproj", "{ACD7989C-A212-A92E-8DD9-1EEF2BF47924}"
EndProject
Global
	GlobalSection(SolutionConfigurationPlatforms) = preSolution
		Debug|Any CPU = Debug|Any CPU
		Release|Any CPU = Release|Any CPU
	EndGlobalSection
	GlobalSection(ProjectConfigurationPlatforms) = postSolution
		{556094F6-1BA2-99C1-B1D2-490D6080CFEF}.Debug|Any CPU.ActiveCfg = Debug|Any CPU
		{556094F6-1BA2-99C1-B1D2-490D6080CFEF}.Debug|Any CPU.Build.0 = Debug|Any CPU
		{556094F6-1BA2-99C1-B1D2-490D6080CFEF}.Release|Any CPU.ActiveCfg = Release|Any CPU
		{556094F6-1BA2-99C1-B1D2-490D6080CFEF}.Release|Any CPU.Build.0 = Release|Any CPU
		{ACD7989C-A212-A92E-8DD9-1EEF2BF47924}.Debug|Any CPU.ActiveCfg = Debug|Any CPU
		{ACD7989C-A212-A92E-8DD9-1EEF2BF47924}.Debug|Any CPU.Build.0 = Debug|Any CPU
		{ACD7989C-A212-A92E-8DD9-1EEF2BF47924}.Release|Any CPU.ActiveCfg = Release|Any CPU
		{ACD7989C-A212-A92E-8DD9-1EEF2BF47924}.Release|Any CPU.Build.0 = Release|Any CPU
	EndGlobalSection
	GlobalSection(SolutionProperties) = preSolution
		HideSolutionNode = FALSE
	EndGlobalSection
EndGlobal
